
Microsoft Visual Studio Solution File, Format Version 12.00
# Visual Studio Version 17
VisualStudioVersion = 17.14.37628.2 d17.14
MinimumVisualStudioVersion = 10.0.40219.1
Project("{FAE04EC0-301F-11D3-BF4B-00C04F79EFBC}") = "assement1", "assement1\assement1.csproj", "{F6434277-620C-45DC-A91B-B8C8A4F65652}"
EndProject
Global
	GlobalSection(SolutionConfigurationPlatforms) = preSolution
		Debug|Any CPU = Debug|Any CPU
		Release|Any CPU = Release|Any CPU
	EndGlobalSection
	GlobalSection(ProjectConfigurationPlatforms) = postSolution
		{F6434277-620C-45DC-A91B-B8C8A4F65652}.Debug|Any CPU.ActiveCfg = Debug|Any CPU
		{F6434277-620C-45DC-A91B-B8C8A4F65652}.Debug|Any CPU.Build.0 = Debug|Any CPU
		{F6434277-620C-45DC-A91B-B8C8A4F65652}.Release|Any CPU.ActiveCfg = Release|Any CPU
		{F6434277-620C-45DC-A91B-B8C8A4F65652}.Release|Any CPU.Build.0 = Release|Any CPU
	EndGlobalSection
	GlobalSection(SolutionProperties) = preSolution
		HideSolutionNode = FALSE
	EndGlobalSection
	GlobalSection(ExtensibilityGlobals) = postSolution
		SolutionGuid = {E683D24E-EF2A-4C48-9E83-87DA568163A3}
	EndGlobalSection
EndGlobal
